
Microsoft Visual Studio Solution File, Format Version 12.00
# Visual Studio 14
VisualStudioVersion = 14.0.23107.0
MinimumVisualStudioVersion = 10.0.40219.1
Project("{FAE04EC0-301F-11D3-BF4B-00C04F79EFBC}") = "WinPaint", "WinPaint\WinPaint.csproj", "{4DA5335E-CDF0-47AE-B3E7-5983CDE7DD80}"
EndProject
Project("{FAE04EC0-301F-11D3-BF4B-00C04F79EFBC}") = "WinPaint.BL", "WinPaint.BL\WinPaint.BL.csproj", "{B1516E43-0503-488D-8707-D26C7C29728A}"
EndProject
Global
	GlobalSection(SolutionConfigurationPlatforms) = preSolution
		Debug|Any CPU = Debug|Any CPU
		Release|Any CPU = Release|Any CPU
	EndGlobalSection
	GlobalSection(ProjectConfigurationPlatforms) = postSolution
		{4DA5335E-CDF0-47AE-B3E7-5983CDE7DD80}.Debug|Any CPU.ActiveCfg = Debug|Any CPU
		{4DA5335E-CDF0-47AE-B3E7-5983CDE7DD80}.Debug|Any CPU.Build.0 = Debug|Any CPU
		{4DA5335E-CDF0-47AE-B3E7-5983CDE7DD80}.Release|Any CPU.ActiveCfg = Release|Any CPU
		{4DA5335E-CDF0-47AE-B3E7-5983CDE7DD80}.Release|Any CPU.Build.0 = Release|Any CPU
		{B1516E43-0503-488D-8707-D26C7C29728A}.Debug|Any CPU.ActiveCfg = Debug|Any CPU
		{B1516E43-0503-488D-8707-D26C7C29728A}.Debug|Any CPU.Build.0 = Debug|Any CPU
		{B1516E43-0503-488D-8707-D26C7C29728A}.Release|Any CPU.ActiveCfg = Release|Any CPU
		{B1516E43-0503-488D-8707-D26C7C29728A}.Release|Any CPU.Build.0 = Release|Any CPU
	EndGlobalSection
	GlobalSection(SolutionProperties) = preSolution
		HideSolutionNode = FALSE
	EndGlobalSection
EndGlobal
